{
  "name": "descript-redis-cache",
  "version": "3.0.0",
  "lockfileVersion": 1,
  "requires": true,
  "dependencies": {
    "@babel/code-frame": {
      "version": "7.12.11",
      "resolved": "https://npm.yandex-team.ru/@babel%2fcode-frame/-/code-frame-7.12.11.tgz?rbtorrent=701d322a7c8c9551b64dc9df26816f5ab69c7eaf",
      "integrity": "sha512-Zt1yodBx1UcyiePMSkWnU4hPqhwq7hGi2nFL1LeA3EUl+q2LQx16MISgJ0+z7dnmgvP9QtIleuETGOiOH1RcIw==",
      "dev": true,
      "requires": {
        "@babel/highlight": "^7.10.4"
      }
    },
    "@babel/helper-validator-identifier": {
      "version": "7.16.7",
      "resolved": "https://npm.yandex-team.ru/@babel%2fhelper-validator-identifier/-/helper-validator-identifier-7.16.7.tgz?rbtorrent=627a804e7e795f3a51b407b6252bcd07d7c50fc2",
      "integrity": "sha512-hsEnFemeiW4D08A5gUAZxLBTXpZ39P+a+DGDsHw1yxqyQ/jzFEnxf5uTEGp+3bzAbNOxU1paTgYS4ECU/IgfDw==",
      "dev": true
    },
    "@babel/highlight": {
      "version": "7.16.7",
      "resolved": "https://npm.yandex-team.ru/@babel%2fhighlight/-/highlight-7.16.7.tgz?rbtorrent=090649dbd6e97c1279bdb13db0151e0301cdcdad",
      "integrity": "sha512-aKpPMfLvGO3Q97V0qhw/V2SWNWlwfJknuwAunU7wZLSfrM4xTBvg7E5opUVi1kJTBKihE38CPg4nBiqX83PWYw==",
      "dev": true,
      "requires": {
        "@babel/helper-validator-identifier": "^7.16.7",
        "chalk": "^2.0.0",
        "js-tokens": "^4.0.0"
      },
      "dependencies": {
        "chalk": {
          "version": "2.4.2",
          "resolved": "https://npm.yandex-team.ru/chalk/-/chalk-2.4.2.tgz?rbtorrent=06c5f4d36a66ba5a0ae97b1b80e9b65e0c6f6ef9",
          "integrity": "sha512-Mti+f9lpJNcwF4tWV8/OrTTtF1gZi+f8FqlyAdouralcFWFQWF2+NgCHShjkCb+IFBLq9buZwE1xckQU4peSuQ==",
          "dev": true,
          "requires": {
            "ansi-styles": "^3.2.1",
            "escape-string-regexp": "^1.0.5",
            "supports-color": "^5.3.0"
          }
        },
        "escape-string-regexp": {
          "version": "1.0.5",
          "resolved": "https://npm.yandex-team.ru/escape-string-regexp/-/escape-string-regexp-1.0.5.tgz?rbtorrent=cd81fc9608e36ea0b6aecf2ffa810d04ae989685",
          "integrity": "sha1-G2HAViGQqN/2rjuyzwIAyhMLhtQ=",
          "dev": true
        }
      }
    },
    "@eslint/eslintrc": {
      "version": "0.4.3",
      "resolved": "https://npm.yandex-team.ru/@eslint%2feslintrc/-/eslintrc-0.4.3.tgz?rbtorrent=b20af6f9f5fd07b6ae754140972dc92a61b60e0f",
      "integrity": "sha512-J6KFFz5QCYUJq3pf0mjEcCJVERbzv71PUIDczuh9JkwGEzced6CO5ADLHB1rbf/+oPBtoPfMYNOpGDzCANlbXw==",
      "dev": true,
      "requires": {
        "ajv": "^6.12.4",
        "debug": "^4.1.1",
        "espree": "^7.3.0",
        "globals": "^13.9.0",
        "ignore": "^4.0.6",
        "import-fresh": "^3.2.1",
        "js-yaml": "^3.13.1",
        "minimatch": "^3.0.4",
        "strip-json-comments": "^3.1.1"
      }
    },
    "@humanwhocodes/config-array": {
      "version": "0.5.0",
      "resolved": "https://npm.yandex-team.ru/@humanwhocodes%2fconfig-array/-/config-array-0.5.0.tgz?rbtorrent=7445f2b3466ee6e0cd083e50a7da7b68c07ffe6e",
      "integrity": "sha512-FagtKFz74XrTl7y6HCzQpwDfXP0yhxe9lHLD1UZxjvZIcbyRz8zTFF/yYNfSfzU414eDwZ1SrO0Qvtyf+wFMQg==",
      "dev": true,
      "requires": {
        "@humanwhocodes/object-schema": "^1.2.0",
        "debug": "^4.1.1",
        "minimatch": "^3.0.4"
      }
    },
    "@humanwhocodes/object-schema": {
      "version": "1.2.1",
      "resolved": "https://npm.yandex-team.ru/@humanwhocodes%2fobject-schema/-/object-schema-1.2.1.tgz?rbtorrent=ae80084a5f48af4163b2986d1ca0e5256be5db8f",
      "integrity": "sha512-ZnQMnLV4e7hDlUvw8H+U8ASL02SS2Gn6+9Ac3wGGLIe7+je2AeAOxPY+izIPJDfFDb7eDjev0Us8MO1iFRN8hA==",
      "dev": true
    },
    "acorn": {
      "version": "7.4.1",
      "resolved": "https://npm.yandex-team.ru/acorn/-/acorn-7.4.1.tgz?rbtorrent=c0b240dd454653df4435b00e859eaf86e3b2cbf8",
      "integrity": "sha512-nQyp0o1/mNdbTO1PO6kHkwSrmgZ0MT/jCCpNiwbUjGoRN4dlBhqJtoQuCnEOKzgTVwg0ZWiCoQy6SxMebQVh8A==",
      "dev": true
    },
    "acorn-jsx": {
      "version": "5.3.2",
      "resolved": "https://npm.yandex-team.ru/acorn-jsx/-/acorn-jsx-5.3.2.tgz?rbtorrent=15ddcff33d62d1a368c5d7f6a8c322a46488a3e3",
      "integrity": "sha512-rq9s+JNhf0IChjtDXxllJ7g41oZk5SlXtp0LHwyA5cejwn7vKmKp4pPri6YEePv2PU65sAsegbXtIinmDFDXgQ==",
      "dev": true
    },
    "ajv": {
      "version": "6.12.6",
      "resolved": "https://npm.yandex-team.ru/ajv/-/ajv-6.12.6.tgz?rbtorrent=8700a2f2e42ac5b59b5c6d8142cd2bfd19a56001",
      "integrity": "sha512-j3fVLgvTo527anyYyJOGTYJbG+vnnQYvE0m5mmkc1TK+nxAppkCLMIL0aZ4dblVCNoGShhm+kzE4ZUykBoMg4g==",
      "dev": true,
      "requires": {
        "fast-deep-equal": "^3.1.1",
        "fast-json-stable-stringify": "^2.0.0",
        "json-schema-traverse": "^0.4.1",
        "uri-js": "^4.2.2"
      }
    },
    "ansi-colors": {
      "version": "4.1.1",
      "resolved": "https://npm.yandex-team.ru/ansi-colors/-/ansi-colors-4.1.1.tgz?rbtorrent=3f2edaf4606fd3c0b0cfc216a36a6b68b2fd7835",
      "integrity": "sha512-JoX0apGbHaUJBNl6yF+p6JAFYZ666/hhCGKN5t9QFjbJQKUU/g8MNbFDbvfrgKXvI1QpZplPOnwIo99lX/AAmA==",
      "dev": true
    },
    "ansi-regex": {
      "version": "5.0.1",
      "resolved": "https://npm.yandex-team.ru/ansi-regex/-/ansi-regex-5.0.1.tgz?rbtorrent=1b2c28e53f2df9567d964d2735662fad58107fae",
      "integrity": "sha512-quJQXlTSUGL2LH9SUXo8VwsY4soanhgo6LNSm84E1LBcE8s3O0wpdiRzyR9z/ZZJMlMWv37qOOb9pdJlMUEKFQ==",
      "dev": true
    },
    "ansi-styles": {
      "version": "3.2.1",
      "resolved": "https://npm.yandex-team.ru/ansi-styles/-/ansi-styles-3.2.1.tgz?rbtorrent=faa5b478cd2b57da6758ba77ccaf14ce379ee60f",
      "integrity": "sha512-VT0ZI6kZRdTh8YyJw3SMbYm/u+NqfsAxEpWO0Pf9sq8/e94WxxOpPKx9FR1FlyCtOVDNOQ+8ntlqFxiRc+r5qA==",
      "dev": true,
      "requires": {
        "color-convert": "^1.9.0"
      }
    },
    "argparse": {
      "version": "1.0.10",
      "resolved": "https://npm.yandex-team.ru/argparse/-/argparse-1.0.10.tgz?rbtorrent=3a987f1ec92aa7ba68cfa8659011923dc3b8d4f0",
      "integrity": "sha512-o5Roy6tNG4SL/FOkCAN6RzjiakZS25RLYFrcMttJqbdd8BWrnA+fGz57iN5Pb06pvBGvl5gQ0B48dJlslXvoTg==",
      "dev": true,
      "requires": {
        "sprintf-js": "~1.0.2"
      }
    },
    "astral-regex": {
      "version": "2.0.0",
      "resolved": "https://npm.yandex-team.ru/astral-regex/-/astral-regex-2.0.0.tgz?rbtorrent=c0a88f625f4933f2e841d4c1e0d8ed23b9442ecc",
      "integrity": "sha512-Z7tMw1ytTXt5jqMcOP+OQteU1VuNK9Y02uuJtKQ1Sv69jXQKKg5cibLwGJow8yzZP+eAc18EmLGPal0bp36rvQ==",
      "dev": true
    },
    "balanced-match": {
      "version": "1.0.2",
      "resolved": "https://npm.yandex-team.ru/balanced-match/-/balanced-match-1.0.2.tgz?rbtorrent=b5770b454c205809e4f85bb2e3b838b3c634d90b",
      "integrity": "sha512-3oSeUO0TMV67hN1AmbXsK4yaqU7tjiHlbxRDZOpH0KW9+CeX4bRAaX0Anxt0tx2MrpRpWwQaPwIlISEJhYU5Pw==",
      "dev": true
    },
    "brace-expansion": {
      "version": "1.1.11",
      "resolved": "https://npm.yandex-team.ru/brace-expansion/-/brace-expansion-1.1.11.tgz?rbtorrent=a6f8ec4328e2858a0be33ed363e562a14b677c34",
      "integrity": "sha512-iCuPHDFgrHX7H2vEI/5xpz07zSHB00TpugqhmYtVmMO6518mCuRMoOYFldEBl0g187ufozdaHgWKcYFb61qGiA==",
      "dev": true,
      "requires": {
        "balanced-match": "^1.0.0",
        "concat-map": "0.0.1"
      }
    },
    "callsites": {
      "version": "3.1.0",
      "resolved": "https://npm.yandex-team.ru/callsites/-/callsites-3.1.0.tgz?rbtorrent=b0e6e1803806fb1f7fd9c75832ba9bb6d14c2ea9",
      "integrity": "sha512-P8BjAsXvZS+VIDUI11hHCQEv74YT67YUi5JJFNWIqL235sBmjX4+qx9Muvls5ivyNENctx46xQLQ3aTuE7ssaQ==",
      "dev": true
    },
    "chalk": {
      "version": "4.1.2",
      "resolved": "https://npm.yandex-team.ru/chalk/-/chalk-4.1.2.tgz?rbtorrent=c439e9071a40e546e84d959fa7090597ededbce4",
      "integrity": "sha512-oKnbhFyRIXpUuez8iBMmyEa4nbj4IOQyuhc/wy9kY7/WVPcwIO9VA668Pu8RkO7+0G76SLROeyw9CpQ061i4mA==",
      "dev": true,
      "requires": {
        "ansi-styles": "^4.1.0",
        "supports-color": "^7.1.0"
      },
      "dependencies": {
        "ansi-styles": {
          "version": "4.3.0",
          "resolved": "https://npm.yandex-team.ru/ansi-styles/-/ansi-styles-4.3.0.tgz?rbtorrent=71a8bd57f3f3a63a5b0ae879a761b238bb3dd3d7",
          "integrity": "sha512-zbB9rCJAT1rbjiVDb2hqKFHNYLxgtk8NURxZ3IZwD3F6NtxbXZQCnnSi1Lkx+IDohdPlFp222wVALIheZJQSEg==",
          "dev": true,
          "requires": {
            "color-convert": "^2.0.1"
          }
        },
        "color-convert": {
          "version": "2.0.1",
          "resolved": "https://npm.yandex-team.ru/color-convert/-/color-convert-2.0.1.tgz?rbtorrent=769fb795063f259bce31a9f20fc15b0d42646b2e",
          "integrity": "sha512-RRECPsj7iu/xb5oKYcsFHSppFNnsj/52OVTRKb4zP5onXwVF3zVmmToNcOfGC+CRDpfK/U584fMg38ZHCaElKQ==",
          "dev": true,
          "requires": {
            "color-name": "~1.1.4"
          }
        },
        "color-name": {
          "version": "1.1.4",
          "resolved": "https://npm.yandex-team.ru/color-name/-/color-name-1.1.4.tgz?rbtorrent=bfe35c629295f687cdeea3875ee112eb55eb6b93",
          "integrity": "sha512-dOy+3AuW3a2wNbZHIuMZpTcgjGuLU/uBL/ubcZF9OXbDo8ff4O8yVp5Bf0efS8uEoYo5q4Fx7dY9OgQGXgAsQA==",
          "dev": true
        },
        "has-flag": {
          "version": "4.0.0",
          "resolved": "https://npm.yandex-team.ru/has-flag/-/has-flag-4.0.0.tgz?rbtorrent=0ed67d1d919c403863c5cdb7bfc454f49a1daff2",
          "integrity": "sha512-EykJT/Q1KjTWctppgIAgfSO0tKVuZUjhgMr17kqTumMl6Afv3EISleU7qZUzoXDFTAHTDC4NOoG/ZxU3EvlMPQ==",
          "dev": true
        },
        "supports-color": {
          "version": "7.2.0",
          "resolved": "https://npm.yandex-team.ru/supports-color/-/supports-color-7.2.0.tgz?rbtorrent=e7f638facdd8140ba916f4748a83127946d9ba10",
          "integrity": "sha512-qpCAvRl9stuOHveKsn7HncJRvv501qIacKzQlO/+Lwxc9+0q2wLyv4Dfvt80/DPn2pqOBsJdDiogXGR9+OvwRw==",
          "dev": true,
          "requires": {
            "has-flag": "^4.0.0"
          }
        }
      }
    },
    "cluster-key-slot": {
      "version": "1.1.0",
      "resolved": "https://npm.yandex-team.ru/cluster-key-slot/-/cluster-key-slot-1.1.0.tgz?rbtorrent=e8f2b459d67eb1e9c1e564cf3cc1db5ccedd9236",
      "integrity": "sha512-2Nii8p3RwAPiFwsnZvukotvow2rIHM+yQ6ZcBXGHdniadkYGZYiGmkHJIbZPIV9nfv7m/U1IPMVVcAhoWFeklw=="
    },
    "color-convert": {
      "version": "1.9.3",
      "resolved": "https://npm.yandex-team.ru/color-convert/-/color-convert-1.9.3.tgz?rbtorrent=922178a6455d830f5d2a067cc3b4536edf35cf99",
      "integrity": "sha512-QfAUtd+vFdAtFQcC8CCyYt1fYWxSqAiK2cSD6zDB8N3cpsEBAvRxp9zOGg6G/SHHJYAT88/az/IuDGALsNVbGg==",
      "dev": true,
      "requires": {
        "color-name": "1.1.3"
      }
    },
    "color-name": {
      "version": "1.1.3",
      "resolved": "https://npm.yandex-team.ru/color-name/-/color-name-1.1.3.tgz?rbtorrent=dae93194b306ff22bc57ca1c62c6a5c14d2c1e91",
      "integrity": "sha1-p9BVi9icQveV3UIyj3QIMcpTvCU=",
      "dev": true
    },
    "concat-map": {
      "version": "0.0.1",
      "resolved": "https://npm.yandex-team.ru/concat-map/-/concat-map-0.0.1.tgz?rbtorrent=d68e847684dabaf80403d1a017a6f3fe9f55e5f6",
      "integrity": "sha1-2Klr13/Wjfd5OnMDajug1UBdR3s=",
      "dev": true
    },
    "contimer": {
      "version": "1.0.1",
      "resolved": "https://npm.yandex-team.ru/contimer/-/contimer-1.0.1.tgz?rbtorrent=bcc22336182d81c27a61aeedf5a96ed36c39a3c4",
      "integrity": "sha1-ORTO73fJIma8Sy670Ykr6PIV3YA="
    },
    "cross-spawn": {
      "version": "7.0.3",
      "resolved": "https://npm.yandex-team.ru/cross-spawn/-/cross-spawn-7.0.3.tgz?rbtorrent=f3d31091b7e1a89250c3ba5d5dd2139079951b64",
      "integrity": "sha512-iRDPJKUPVEND7dHPO8rkbOnPpyDygcDFtWjpeWNCgy8WP2rXcxXL8TskReQl6OrB2G7+UJrags1q15Fudc7G6w==",
      "dev": true,
      "requires": {
        "path-key": "^3.1.0",
        "shebang-command": "^2.0.0",
        "which": "^2.0.1"
      }
    },
    "debug": {
      "version": "4.3.3",
      "resolved": "https://npm.yandex-team.ru/debug/-/debug-4.3.3.tgz?rbtorrent=c38a38e16b1cef280b1d5d984241d56e8a3365d1",
      "integrity": "sha512-/zxw5+vh1Tfv+4Qn7a5nsbcJKPaSvCDhojn6FEl9vupwK2VCSDtEiEtqr8DFtzYFOdz63LBkxec7DYuc2jon6Q==",
      "requires": {
        "ms": "2.1.2"
      }
    },
    "deep-is": {
      "version": "0.1.4",
      "resolved": "https://npm.yandex-team.ru/deep-is/-/deep-is-0.1.4.tgz?rbtorrent=57669dc28a2e33202e80c16a878e62fe6af40f86",
      "integrity": "sha512-oIPzksmTg4/MriiaYGO+okXDT7ztn/w3Eptv/+gSIdMdKsJo0u4CfYNFJPy+4SKMuCqGw2wxnA+URMg3t8a/bQ==",
      "dev": true
    },
    "denque": {
      "version": "1.5.1",
      "resolved": "https://npm.yandex-team.ru/denque/-/denque-1.5.1.tgz?rbtorrent=2daaef3c7edd39bcb1c66e1cf2accd3fe65f9391",
      "integrity": "sha512-XwE+iZ4D6ZUB7mfYRMb5wByE8L74HCn30FBN7sWnXksWc1LO1bPDl67pBR9o/kC4z/xSNAwkMYcGgqDV3BE3Hw=="
    },
    "doctrine": {
      "version": "3.0.0",
      "resolved": "https://npm.yandex-team.ru/doctrine/-/doctrine-3.0.0.tgz?rbtorrent=5b8a14a76d43802548de3e58cbf8d9c9391c6000",
      "integrity": "sha512-yS+Q5i3hBf7GBkd4KG8a7eBNNWNGLTaEwwYWUijIYM7zrlYDM0BFXHjjPWlWZ1Rg7UaddZeIDmi9jF3HmqiQ2w==",
      "dev": true,
      "requires": {
        "esutils": "^2.0.2"
      }
    },
    "emoji-regex": {
      "version": "8.0.0",
      "resolved": "https://npm.yandex-team.ru/emoji-regex/-/emoji-regex-8.0.0.tgz?rbtorrent=9c63733fe9e4b60ec6164b7b90f008f886358190",
      "integrity": "sha512-MSjYzcWNOA0ewAHpz0MxpYFvwg6yjy1NG3xteoqz644VCo/RPgnr1/GGt+ic3iJTzQ8Eu3TdM14SawnVUmGE6A==",
      "dev": true
    },
    "enquirer": {
      "version": "2.3.6",
      "resolved": "https://npm.yandex-team.ru/enquirer/-/enquirer-2.3.6.tgz?rbtorrent=48877a76b52c46829737fc4df267289e71ea9791",
      "integrity": "sha512-yjNnPr315/FjS4zIsUxYguYUPP2e1NK4d7E7ZOLiyYCcbFBiTMyID+2wvm2w6+pZ/odMA7cRkjhsPbltwBOrLg==",
      "dev": true,
      "requires": {
        "ansi-colors": "^4.1.1"
      }
    },
    "escape-string-regexp": {
      "version": "4.0.0",
      "resolved": "https://npm.yandex-team.ru/escape-string-regexp/-/escape-string-regexp-4.0.0.tgz?rbtorrent=c4f07b8ebef35e122404211f688e5148c3c94d0c",
      "integrity": "sha512-TtpcNJ3XAzx3Gq8sWRzJaVajRs0uVxA2YAkdb1jm2YkPz4G6egUFAyA3n5vtEIZefPk5Wa4UXbKuS5fKkJWdgA==",
      "dev": true
    },
    "eslint": {
      "version": "7.32.0",
      "resolved": "https://npm.yandex-team.ru/eslint/-/eslint-7.32.0.tgz?rbtorrent=cd165faeff474daa85d5f184fcad93567e5a97ed",
      "integrity": "sha512-VHZ8gX+EDfz+97jGcgyGCyRia/dPOd6Xh9yPv8Bl1+SoaIwD+a/vlrOmGRUyOYu7MwUhc7CxqeaDZU13S4+EpA==",
      "dev": true,
      "requires": {
        "@babel/code-frame": "7.12.11",
        "@eslint/eslintrc": "^0.4.3",
        "@humanwhocodes/config-array": "^0.5.0",
        "ajv": "^6.10.0",
        "chalk": "^4.0.0",
        "cross-spawn": "^7.0.2",
        "debug": "^4.0.1",
        "doctrine": "^3.0.0",
        "enquirer": "^2.3.5",
        "escape-string-regexp": "^4.0.0",
        "eslint-scope": "^5.1.1",
        "eslint-utils": "^2.1.0",
        "eslint-visitor-keys": "^2.0.0",
        "espree": "^7.3.1",
        "esquery": "^1.4.0",
        "esutils": "^2.0.2",
        "fast-deep-equal": "^3.1.3",
        "file-entry-cache": "^6.0.1",
        "functional-red-black-tree": "^1.0.1",
        "glob-parent": "^5.1.2",
        "globals": "^13.6.0",
        "ignore": "^4.0.6",
        "import-fresh": "^3.0.0",
        "imurmurhash": "^0.1.4",
        "is-glob": "^4.0.0",
        "js-yaml": "^3.13.1",
        "json-stable-stringify-without-jsonify": "^1.0.1",
        "levn": "^0.4.1",
        "lodash.merge": "^4.6.2",
        "minimatch": "^3.0.4",
        "natural-compare": "^1.4.0",
        "optionator": "^0.9.1",
        "progress": "^2.0.0",
        "regexpp": "^3.1.0",
        "semver": "^7.2.1",
        "strip-ansi": "^6.0.0",
        "strip-json-comments": "^3.1.0",
        "table": "^6.0.9",
        "text-table": "^0.2.0",
        "v8-compile-cache": "^2.0.3"
      }
    },
    "eslint-scope": {
      "version": "5.1.1",
      "resolved": "https://npm.yandex-team.ru/eslint-scope/-/eslint-scope-5.1.1.tgz?rbtorrent=5543028663db29cd442cdd6298fcdc0c11c1f8b2",
      "integrity": "sha512-2NxwbF/hZ0KpepYN0cNbo+FN6XoK7GaHlQhgx/hIZl6Va0bF45RQOOwhLIy8lQDbuCiadSLCBnH2CFYquit5bw==",
      "dev": true,
      "requires": {
        "esrecurse": "^4.3.0",
        "estraverse": "^4.1.1"
      }
    },
    "eslint-utils": {
      "version": "2.1.0",
      "resolved": "https://npm.yandex-team.ru/eslint-utils/-/eslint-utils-2.1.0.tgz?rbtorrent=83d6939082ac7800dd997b8400912c0a19a1a9b5",
      "integrity": "sha512-w94dQYoauyvlDc43XnGB8lU3Zt713vNChgt4EWwhXAP2XkBvndfxF0AgIqKOOasjPIPzj9JqgwkwbCYD0/V3Zg==",
      "dev": true,
      "requires": {
        "eslint-visitor-keys": "^1.1.0"
      },
      "dependencies": {
        "eslint-visitor-keys": {
          "version": "1.3.0",
          "resolved": "https://npm.yandex-team.ru/eslint-visitor-keys/-/eslint-visitor-keys-1.3.0.tgz?rbtorrent=a9a3b3c7e806dbd2f6bc9bfa74419c8cf9b6c091",
          "integrity": "sha512-6J72N8UNa462wa/KFODt/PJ3IU60SDpC3QXC1Hjc1BXXpfL2C9R5+AU7jhe0F6GREqVMh4Juu+NY7xn+6dipUQ==",
          "dev": true
        }
      }
    },
    "eslint-visitor-keys": {
      "version": "2.1.0",
      "resolved": "https://npm.yandex-team.ru/eslint-visitor-keys/-/eslint-visitor-keys-2.1.0.tgz?rbtorrent=6077c97cf4c2efe6dba02e3233a23b25ea9a0799",
      "integrity": "sha512-0rSmRBzXgDzIsD6mGdJgevzgezI534Cer5L/vyMX0kHzT/jiB43jRhd9YUlMGYLQy2zprNmoT8qasCGtY+QaKw==",
      "dev": true
    },
    "espree": {
      "version": "7.3.1",
      "resolved": "https://npm.yandex-team.ru/espree/-/espree-7.3.1.tgz?rbtorrent=26a46aea12f347a4f2427a8f0a7b3146033b8bb8",
      "integrity": "sha512-v3JCNCE64umkFpmkFGqzVKsOT0tN1Zr+ueqLZfpV1Ob8e+CEgPWa+OxCoGH3tnhimMKIaBm4m/vaRpJ/krRz2g==",
      "dev": true,
      "requires": {
        "acorn": "^7.4.0",
        "acorn-jsx": "^5.3.1",
        "eslint-visitor-keys": "^1.3.0"
      },
      "dependencies": {
        "eslint-visitor-keys": {
          "version": "1.3.0",
          "resolved": "https://npm.yandex-team.ru/eslint-visitor-keys/-/eslint-visitor-keys-1.3.0.tgz?rbtorrent=a9a3b3c7e806dbd2f6bc9bfa74419c8cf9b6c091",
          "integrity": "sha512-6J72N8UNa462wa/KFODt/PJ3IU60SDpC3QXC1Hjc1BXXpfL2C9R5+AU7jhe0F6GREqVMh4Juu+NY7xn+6dipUQ==",
          "dev": true
        }
      }
    },
    "esprima": {
      "version": "4.0.1",
      "resolved": "https://npm.yandex-team.ru/esprima/-/esprima-4.0.1.tgz?rbtorrent=441f6e5365a6d63c5e2aaee0fbacef810a562536",
      "integrity": "sha512-eGuFFw7Upda+g4p+QHvnW0RyTX/SVeJBDM/gCtMARO0cLuT2HcEKnTPvhjV6aGeqrCB/sbNop0Kszm0jsaWU4A==",
      "dev": true
    },
    "esquery": {
      "version": "1.4.0",
      "resolved": "https://npm.yandex-team.ru/esquery/-/esquery-1.4.0.tgz?rbtorrent=cebacc9ff501bdca1a5241e78e478eaeec32e09c",
      "integrity": "sha512-cCDispWt5vHHtwMY2YrAQ4ibFkAL8RbH5YGBnZBc90MolvvfkkQcJro/aZiAQUlQ3qgrYS6D6v8Gc5G5CQsc9w==",
      "dev": true,
      "requires": {
        "estraverse": "^5.1.0"
      },
      "dependencies": {
        "estraverse": {
          "version": "5.3.0",
          "resolved": "https://npm.yandex-team.ru/estraverse/-/estraverse-5.3.0.tgz?rbtorrent=8ebd3be9f72b74badf633d05a4b307c16676736d",
          "integrity": "sha512-MMdARuVEQziNTeJD8DgMqmhwR11BRQ/cBP+pLtYdSTnf3MIO8fFeiINEbX36ZdNlfU/7A9f3gUw49B3oQsvwBA==",
          "dev": true
        }
      }
    },
    "esrecurse": {
      "version": "4.3.0",
      "resolved": "https://npm.yandex-team.ru/esrecurse/-/esrecurse-4.3.0.tgz?rbtorrent=75ee9b74b9c0a6bec5ed04920f07c443ff85911f",
      "integrity": "sha512-KmfKL3b6G+RXvP8N1vr3Tq1kL/oCFgn2NYXEtqP8/L3pKapUA4G8cFVaoF3SU323CD4XypR/ffioHmkti6/Tag==",
      "dev": true,
      "requires": {
        "estraverse": "^5.2.0"
      },
      "dependencies": {
        "estraverse": {
          "version": "5.3.0",
          "resolved": "https://npm.yandex-team.ru/estraverse/-/estraverse-5.3.0.tgz?rbtorrent=8ebd3be9f72b74badf633d05a4b307c16676736d",
          "integrity": "sha512-MMdARuVEQziNTeJD8DgMqmhwR11BRQ/cBP+pLtYdSTnf3MIO8fFeiINEbX36ZdNlfU/7A9f3gUw49B3oQsvwBA==",
          "dev": true
        }
      }
    },
    "estraverse": {
      "version": "4.3.0",
      "resolved": "https://npm.yandex-team.ru/estraverse/-/estraverse-4.3.0.tgz?rbtorrent=3f68ce8b75112184e02b1364df05181a5fb0f440",
      "integrity": "sha512-39nnKffWz8xN1BU/2c79n9nB9HDzo0niYUqx6xyqUnyoAnQyyWpOTdZEeiCch8BBu515t4wp9ZmgVfVhn9EBpw==",
      "dev": true
    },
    "esutils": {
      "version": "2.0.3",
      "resolved": "https://npm.yandex-team.ru/esutils/-/esutils-2.0.3.tgz?rbtorrent=d18a22c896f2f3220a9e1e10ebc5f4da3863e618",
      "integrity": "sha512-kVscqXk4OCp68SZ0dkgEKVi6/8ij300KBWTJq32P/dYeWTSwK41WyTxalN1eRmA5Z9UU/LX9D7FWSmV9SAYx6g==",
      "dev": true
    },
    "fast-deep-equal": {
      "version": "3.1.3",
      "resolved": "https://npm.yandex-team.ru/fast-deep-equal/-/fast-deep-equal-3.1.3.tgz?rbtorrent=8855b8355a43a0b4004382ab3b8abca525a2cf83",
      "integrity": "sha512-f3qQ9oQy9j2AhBe/H9VC91wLmKBCCU/gDOnKNAYG5hswO7BLKj09Hc5HYNz9cGI++xlpDCIgDaitVs03ATR84Q==",
      "dev": true
    },
    "fast-json-stable-stringify": {
      "version": "2.1.0",
      "resolved": "https://npm.yandex-team.ru/fast-json-stable-stringify/-/fast-json-stable-stringify-2.1.0.tgz?rbtorrent=73f9b29e0e2f0f75a0b56fbfa16b1e6c3d1d1c1c",
      "integrity": "sha512-lhd/wF+Lk98HZoTCtlVraHtfh5XYijIjalXck7saUtuanSDyLMxnHhSXEDJqHxD7msR8D0uCmqlkwjCV8xvwHw==",
      "dev": true
    },
    "fast-levenshtein": {
      "version": "2.0.6",
      "resolved": "https://npm.yandex-team.ru/fast-levenshtein/-/fast-levenshtein-2.0.6.tgz?rbtorrent=c71f14a38b354e3ceb249902e59a2b7ddb34c29d",
      "integrity": "sha1-PYpcZog6FqMMqGQ+hR8Zuqd5eRc=",
      "dev": true
    },
    "file-entry-cache": {
      "version": "6.0.1",
      "resolved": "https://npm.yandex-team.ru/file-entry-cache/-/file-entry-cache-6.0.1.tgz?rbtorrent=5f231c114b911b55291fff195e0b81afe3dc4605",
      "integrity": "sha512-7Gps/XWymbLk2QLYK4NzpMOrYjMhdIxXuIvy2QBsLE6ljuodKvdkWs/cpyJJ3CVIVpH0Oi1Hvg1ovbMzLdFBBg==",
      "dev": true,
      "requires": {
        "flat-cache": "^3.0.4"
      }
    },
    "flat-cache": {
      "version": "3.0.4",
      "resolved": "https://npm.yandex-team.ru/flat-cache/-/flat-cache-3.0.4.tgz?rbtorrent=34b9e002add89ce4fda2671f6a48290975940ce6",
      "integrity": "sha512-dm9s5Pw7Jc0GvMYbshN6zchCA9RgQlzzEZX3vylR9IqFfS8XciblUXOKfW6SiuJ0e13eDYZoZV5wdrev7P3Nwg==",
      "dev": true,
      "requires": {
        "flatted": "^3.1.0",
        "rimraf": "^3.0.2"
      }
    },
    "flatted": {
      "version": "3.2.4",
      "resolved": "https://npm.yandex-team.ru/flatted/-/flatted-3.2.4.tgz?rbtorrent=ae3a888cf21405a0a9cf09550905aae729b30212",
      "integrity": "sha512-8/sOawo8tJ4QOBX8YlQBMxL8+RLZfxMQOif9o0KUKTNTjMYElWPE0r/m5VNFxTRd0NSw8qSy8dajrwX4RYI1Hw==",
      "dev": true
    },
    "fs.realpath": {
      "version": "1.0.0",
      "resolved": "https://npm.yandex-team.ru/fs.realpath/-/fs.realpath-1.0.0.tgz?rbtorrent=ae37248c9abd56036ae23710b5b9d720d60fdc3a",
      "integrity": "sha1-FQStJSMVjKpA20onh8sBQRmU6k8=",
      "dev": true
    },
    "functional-red-black-tree": {
      "version": "1.0.1",
      "resolved": "https://npm.yandex-team.ru/functional-red-black-tree/-/functional-red-black-tree-1.0.1.tgz?rbtorrent=0f849199b51bf789c7928dd56fa61b024023b548",
      "integrity": "sha1-GwqzvVU7Kg1jmdKcDj6gslIHgyc=",
      "dev": true
    },
    "glob": {
      "version": "7.2.0",
      "resolved": "https://npm.yandex-team.ru/glob/-/glob-7.2.0.tgz?rbtorrent=33815f04a09f35b54b4bfa639dd108530277b159",
      "integrity": "sha512-lmLf6gtyrPq8tTjSmrO94wBeQbFR3HbLHbuyD69wuyQkImp2hWqMGB47OX65FBkPffO641IP9jWa1z4ivqG26Q==",
      "dev": true,
      "requires": {
        "fs.realpath": "^1.0.0",
        "inflight": "^1.0.4",
        "inherits": "2",
        "minimatch": "^3.0.4",
        "once": "^1.3.0",
        "path-is-absolute": "^1.0.0"
      }
    },
    "glob-parent": {
      "version": "5.1.2",
      "resolved": "https://npm.yandex-team.ru/glob-parent/-/glob-parent-5.1.2.tgz?rbtorrent=7f75a998dfd20d04f4fba126c6211efce18545ef",
      "integrity": "sha512-AOIgSQCepiJYwP3ARnGx+5VnTu2HBYdzbGP45eLw1vr3zB3vZLeyed1sC9hnbcOc9/SrMyM5RPQrkGz4aS9Zow==",
      "dev": true,
      "requires": {
        "is-glob": "^4.0.1"
      }
    },
    "globals": {
      "version": "13.12.0",
      "resolved": "https://npm.yandex-team.ru/globals/-/globals-13.12.0.tgz?rbtorrent=f34a8eda7026a2f2588a16d1b52149f20d3b9f75",
      "integrity": "sha512-uS8X6lSKN2JumVoXrbUz+uG4BYG+eiawqm3qFcT7ammfbUHeCBoJMlHcec/S3krSk73/AE/f0szYFmgAA3kYZg==",
      "dev": true,
      "requires": {
        "type-fest": "^0.20.2"
      }
    },
    "has-flag": {
      "version": "3.0.0",
      "resolved": "https://npm.yandex-team.ru/has-flag/-/has-flag-3.0.0.tgz?rbtorrent=ca7ec6bdf5a36e5aa9d948c64c0f1d8f0b11b442",
      "integrity": "sha1-tdRU3CGZriJWmfNGfloH87lVuv0=",
      "dev": true
    },
    "ignore": {
      "version": "4.0.6",
      "resolved": "https://npm.yandex-team.ru/ignore/-/ignore-4.0.6.tgz?rbtorrent=c8ceb097a131a29d3c7c38ba4242aa83b583d845",
      "integrity": "sha512-cyFDKrqc/YdcWFniJhzI42+AzS+gNwmUzOSFcRCQYwySuBBBy/KjuxWLZ/FHEH6Moq1NizMOBWyTcv8O4OZIMg==",
      "dev": true
    },
    "import-fresh": {
      "version": "3.3.0",
      "resolved": "https://npm.yandex-team.ru/import-fresh/-/import-fresh-3.3.0.tgz?rbtorrent=ca56bbc60e7b2a6daef0a27d82b329c60a718e02",
      "integrity": "sha512-veYYhQa+D1QBKznvhUHxb8faxlrwUnxseDAbAp457E0wLNio2bOSKnjYDhMj+YiAq61xrMGhQk9iXVk5FzgQMw==",
      "dev": true,
      "requires": {
        "parent-module": "^1.0.0",
        "resolve-from": "^4.0.0"
      }
    },
    "imurmurhash": {
      "version": "0.1.4",
      "resolved": "https://npm.yandex-team.ru/imurmurhash/-/imurmurhash-0.1.4.tgz?rbtorrent=519514076373d09acd564dc3e94fa52d8a1d4d11",
      "integrity": "sha1-khi5srkoojixPcT7a21XbyMUU+o=",
      "dev": true
    },
    "inflight": {
      "version": "1.0.6",
      "resolved": "https://npm.yandex-team.ru/inflight/-/inflight-1.0.6.tgz?rbtorrent=5fc387705f71d49a3d36c9e8cf63c62f5efe7396",
      "integrity": "sha1-Sb1jMdfQLQwJvJEKEHW6gWW1bfk=",
      "dev": true,
      "requires": {
        "once": "^1.3.0",
        "wrappy": "1"
      }
    },
    "inherits": {
      "version": "2.0.4",
      "resolved": "https://npm.yandex-team.ru/inherits/-/inherits-2.0.4.tgz?rbtorrent=6d3c5e553faab1c5a0e5657d5f75d80d275fddbe",
      "integrity": "sha512-k/vGaX4/Yla3WzyMCvTQOXYeIHvqOKtnqBduzTHpzpQZzAskKMhZ2K+EnBiSM9zGSoIFeMpXKxa4dYeZIQqewQ==",
      "dev": true
    },
    "ioredis": {
      "version": "4.28.2",
      "resolved": "https://npm.yandex-team.ru/ioredis/-/ioredis-4.28.2.tgz?rbtorrent=f900aaf821fdc24f0d2aa9c30ec097725d6d5820",
      "integrity": "sha512-kQ+Iv7+c6HsDdPP2XUHaMv8DhnSeAeKEwMbaoqsXYbO+03dItXt7+5jGQDRyjdRUV2rFJbzg7P4Qt1iX2tqkOg==",
      "requires": {
        "cluster-key-slot": "^1.1.0",
        "debug": "^4.3.1",
        "denque": "^1.1.0",
        "lodash.defaults": "^4.2.0",
        "lodash.flatten": "^4.4.0",
        "lodash.isarguments": "^3.1.0",
        "p-map": "^2.1.0",
        "redis-commands": "1.7.0",
        "redis-errors": "^1.2.0",
        "redis-parser": "^3.0.0",
        "standard-as-callback": "^2.1.0"
      }
    },
    "is-extglob": {
      "version": "2.1.1",
      "resolved": "https://npm.yandex-team.ru/is-extglob/-/is-extglob-2.1.1.tgz?rbtorrent=5ab9e5368b72fd05beaa06c31596612310801866",
      "integrity": "sha1-qIwCU1eR8C7TfHahueqXc8gz+MI=",
      "dev": true
    },
    "is-fullwidth-code-point": {
      "version": "3.0.0",
      "resolved": "https://npm.yandex-team.ru/is-fullwidth-code-point/-/is-fullwidth-code-point-3.0.0.tgz?rbtorrent=9f8a9fc1a318c9b9a907ba74176b8d156ee129cf",
      "integrity": "sha512-zymm5+u+sCsSWyD9qNaejV3DFvhCKclKdizYaJUuHA83RLjb7nSuGnddCHGv0hk+KY7BMAlsWeK4Ueg6EV6XQg==",
      "dev": true
    },
    "is-glob": {
      "version": "4.0.3",
      "resolved": "https://npm.yandex-team.ru/is-glob/-/is-glob-4.0.3.tgz?rbtorrent=e4c7a5eee5045dcce66cdffe26446465251888a3",
      "integrity": "sha512-xelSayHH36ZgE7ZWhli7pW34hNbNl8Ojv5KVmkJD4hBdD3th8Tfk9vYasLM+mXWOZhFkgZfxhLSnrwRr4elSSg==",
      "dev": true,
      "requires": {
        "is-extglob": "^2.1.1"
      }
    },
    "isexe": {
      "version": "2.0.0",
      "resolved": "https://npm.yandex-team.ru/isexe/-/isexe-2.0.0.tgz?rbtorrent=d70c0ec7af2e1a44ce210026d7e8baafefc4f666",
      "integrity": "sha1-6PvzdNxVb/iUehDcsFctYz8s+hA=",
      "dev": true
    },
    "js-tokens": {
      "version": "4.0.0",
      "resolved": "https://npm.yandex-team.ru/js-tokens/-/js-tokens-4.0.0.tgz?rbtorrent=d2567250e6aaa096fbb43dc41d38561d75586575",
      "integrity": "sha512-RdJUflcE3cUzKiMqQgsCu06FPu9UdIJO0beYbPhHN4k6apgJtifcoCtT9bcxOpYBtpD2kCM6Sbzg4CausW/PKQ==",
      "dev": true
    },
    "js-yaml": {
      "version": "3.14.1",
      "resolved": "https://npm.yandex-team.ru/js-yaml/-/js-yaml-3.14.1.tgz?rbtorrent=39433c2fd42be3e2cecb40aa3b947161445108da",
      "integrity": "sha512-okMH7OXXJ7YrN9Ok3/SXrnu4iX9yOk+25nqX4imS2npuvTYDmo/QEZoqwZkYaIDk3jVvBOTOIEgEhaLOynBS9g==",
      "dev": true,
      "requires": {
        "argparse": "^1.0.7",
        "esprima": "^4.0.0"
      }
    },
    "json-schema-traverse": {
      "version": "0.4.1",
      "resolved": "https://npm.yandex-team.ru/json-schema-traverse/-/json-schema-traverse-0.4.1.tgz?rbtorrent=df5a39a3a5d620b514175f0bc058853a8bed41d3",
      "integrity": "sha512-xbbCH5dCYU5T8LcEhhuh7HJ88HXuW3qsI3Y0zOZFKfZEHcpWiHU/Jxzk629Brsab/mMiHQti9wMP+845RPe3Vg==",
      "dev": true
    },
    "json-stable-stringify-without-jsonify": {
      "version": "1.0.1",
      "resolved": "https://npm.yandex-team.ru/json-stable-stringify-without-jsonify/-/json-stable-stringify-without-jsonify-1.0.1.tgz?rbtorrent=3c877a5458336cb8c5e38a3e1e6cf11350cfec77",
      "integrity": "sha1-nbe1lJatPzz+8wp1FC0tkwrXJlE=",
      "dev": true
    },
    "levn": {
      "version": "0.4.1",
      "resolved": "https://npm.yandex-team.ru/levn/-/levn-0.4.1.tgz?rbtorrent=9c261cc23908b31e5b1278bccb79eca238272277",
      "integrity": "sha512-+bT2uH4E5LGE7h/n3evcS/sQlJXCpIp6ym8OWJ5eV6+67Dsql/LaaT7qJBAt2rzfoa/5QBGBhxDix1dMt2kQKQ==",
      "dev": true,
      "requires": {
        "prelude-ls": "^1.2.1",
        "type-check": "~0.4.0"
      }
    },
    "lodash.defaults": {
      "version": "4.2.0",
      "resolved": "https://npm.yandex-team.ru/lodash.defaults/-/lodash.defaults-4.2.0.tgz?rbtorrent=92e12d6c9317053ecc845557cddf3e5ea07dcab5",
      "integrity": "sha1-0JF4cW/+pN3p5ft7N/bwgCJ0WAw="
    },
    "lodash.flatten": {
      "version": "4.4.0",
      "resolved": "https://npm.yandex-team.ru/lodash.flatten/-/lodash.flatten-4.4.0.tgz?rbtorrent=f55c16665891698c6252f1ad103335929f29d443",
      "integrity": "sha1-8xwiIlqWMtK7+OSt2+8kCqdlph8="
    },
    "lodash.isarguments": {
      "version": "3.1.0",
      "resolved": "https://npm.yandex-team.ru/lodash.isarguments/-/lodash.isarguments-3.1.0.tgz?rbtorrent=36f2457d967efd892f0e5ea234f257c15b8aa175",
      "integrity": "sha1-L1c9hcaiQon/AGY7SRwdM4/zRYo="
    },
    "lodash.merge": {
      "version": "4.6.2",
      "resolved": "https://npm.yandex-team.ru/lodash.merge/-/lodash.merge-4.6.2.tgz?rbtorrent=82906d7bb307fb4b9769b15821fd55eaca29b9f1",
      "integrity": "sha512-0KpjqXRVvrYyCsX1swR/XTK0va6VQkQM6MNo7PqW77ByjAhoARA8EfrP1N4+KlKj8YS0ZUCtRT/YUuhyYDujIQ==",
      "dev": true
    },
    "lodash.truncate": {
      "version": "4.4.2",
      "resolved": "https://npm.yandex-team.ru/lodash.truncate/-/lodash.truncate-4.4.2.tgz?rbtorrent=20eba9e893dfbba7f1123dff052301b9505c9456",
      "integrity": "sha1-WjUNoLERO4N+z//VgSy+WNbq4ZM=",
      "dev": true
    },
    "lru-cache": {
      "version": "6.0.0",
      "resolved": "https://npm.yandex-team.ru/lru-cache/-/lru-cache-6.0.0.tgz?rbtorrent=e1af76c311f7f57072554f31e959f850e2aafd00",
      "integrity": "sha512-Jo6dJ04CmSjuznwJSS3pUeWmd/H0ffTlkXXgwZi+eq1UCmqQwCh+eLsYOYCwY991i2Fah4h1BEMCx4qThGbsiA==",
      "dev": true,
      "requires": {
        "yallist": "^4.0.0"
      }
    },
    "minimatch": {
      "version": "3.0.4",
      "resolved": "https://npm.yandex-team.ru/minimatch/-/minimatch-3.0.4.tgz?rbtorrent=84ce05a1126758334259030f97ac489b139678e2",
      "integrity": "sha512-yJHVQEhyqPLUTgt9B83PXu6W3rx4MvvHvSUvToogpwoGDOUQ+yDrR0HRot+yOCdCO7u4hX3pWft6kWBBcqh0UA==",
      "dev": true,
      "requires": {
        "brace-expansion": "^1.1.7"
      }
    },
    "ms": {
      "version": "2.1.2",
      "resolved": "https://npm.yandex-team.ru/ms/-/ms-2.1.2.tgz?rbtorrent=269d2b1e4b633a2572e485adbd93b4085872ffe0",
      "integrity": "sha512-sGkPx+VjMtmA6MX27oA4FBFELFCZZ4S4XqeGOXCv68tT+jb3vk/RyaKWP0PTKyWtmLSM0b+adUTEvbs1PEaH2w=="
    },
    "natural-compare": {
      "version": "1.4.0",
      "resolved": "https://npm.yandex-team.ru/natural-compare/-/natural-compare-1.4.0.tgz?rbtorrent=89fce2f72a9e4c0c53ec26842a78a8d8ecf9f502",
      "integrity": "sha1-Sr6/7tdUHywnrPspvbvRXI1bpPc=",
      "dev": true
    },
    "once": {
      "version": "1.4.0",
      "resolved": "https://npm.yandex-team.ru/once/-/once-1.4.0.tgz?rbtorrent=631c10ccf90e53addc6a29d4cca37226f2b67537",
      "integrity": "sha1-WDsap3WWHUsROsF9nFC6753Xa9E=",
      "dev": true,
      "requires": {
        "wrappy": "1"
      }
    },
    "optionator": {
      "version": "0.9.1",
      "resolved": "https://npm.yandex-team.ru/optionator/-/optionator-0.9.1.tgz?rbtorrent=d118685cbd88a5b551df9a0dd387ed0834ee9d0e",
      "integrity": "sha512-74RlY5FCnhq4jRxVUPKDaRwrVNXMqsGsiW6AJw4XK8hmtm10wC0ypZBLw5IIp85NZMr91+qd1RvvENwg7jjRFw==",
      "dev": true,
      "requires": {
        "deep-is": "^0.1.3",
        "fast-levenshtein": "^2.0.6",
        "levn": "^0.4.1",
        "prelude-ls": "^1.2.1",
        "type-check": "^0.4.0",
        "word-wrap": "^1.2.3"
      }
    },
    "p-map": {
      "version": "2.1.0",
      "resolved": "https://npm.yandex-team.ru/p-map/-/p-map-2.1.0.tgz?rbtorrent=a796f50e70f24e93d5a6049912eaafb3e449b66f",
      "integrity": "sha512-y3b8Kpd8OAN444hxfBbFfj1FY/RjtTd8tzYwhUqNYXx0fXx2iX4maP4Qr6qhIKbQXI02wTLAda4fYUbDagTUFw=="
    },
    "parent-module": {
      "version": "1.0.1",
      "resolved": "https://npm.yandex-team.ru/parent-module/-/parent-module-1.0.1.tgz?rbtorrent=4d345b2d3a5b298f35a853391cc76fd6feeb7f89",
      "integrity": "sha512-GQ2EWRpQV8/o+Aw8YqtfZZPfNRWZYkbidE9k5rpl/hC3vtHHBfGm2Ifi6qWV+coDGkrUKZAxE3Lot5kcsRlh+g==",
      "dev": true,
      "requires": {
        "callsites": "^3.0.0"
      }
    },
    "path-is-absolute": {
      "version": "1.0.1",
      "resolved": "https://npm.yandex-team.ru/path-is-absolute/-/path-is-absolute-1.0.1.tgz?rbtorrent=1a3152a41be6d5d7ee4d03430b58251761675a06",
      "integrity": "sha1-F0uSaHNVNP+8es5r9TpanhtcX18=",
      "dev": true
    },
    "path-key": {
      "version": "3.1.1",
      "resolved": "https://npm.yandex-team.ru/path-key/-/path-key-3.1.1.tgz?rbtorrent=3a9330ed44db721bac3c0b1b9f5fa69a8884bfa5",
      "integrity": "sha512-ojmeN0qd+y0jszEtoY48r0Peq5dwMEkIlCOu6Q5f41lfkswXuKtYrhgoTpLnyIcHm24Uhqx+5Tqm2InSwLhE6Q==",
      "dev": true
    },
    "prelude-ls": {
      "version": "1.2.1",
      "resolved": "https://npm.yandex-team.ru/prelude-ls/-/prelude-ls-1.2.1.tgz?rbtorrent=815ffef0632e1a23540119e535e2e0e82f8a184d",
      "integrity": "sha512-vkcDPrRZo1QZLbn5RLGPpg/WmIQ65qoWWhcGKf/b5eplkkarX0m9z8ppCat4mlOqUsWpyNuYgO3VRyrYHSzX5g==",
      "dev": true
    },
    "progress": {
      "version": "2.0.3",
      "resolved": "https://npm.yandex-team.ru/progress/-/progress-2.0.3.tgz?rbtorrent=8b98e1b60e62b8285345a8d8378647c4151ba425",
      "integrity": "sha512-7PiHtLll5LdnKIMw100I+8xJXR5gW2QwWYkT6iJva0bXitZKa/XMrSbdmg3r2Xnaidz9Qumd0VPaMrZlF9V9sA==",
      "dev": true
    },
    "punycode": {
      "version": "2.1.1",
      "resolved": "https://npm.yandex-team.ru/punycode/-/punycode-2.1.1.tgz?rbtorrent=282ababa2206a1eea92dc3e32923af190bd1e5df",
      "integrity": "sha512-XRsRjdf+j5ml+y/6GKHPZbrF/8p2Yga0JPtdqTIY2Xe5ohJPD9saDJJLPvp9+NSBprVvevdXZybnj2cv8OEd0A==",
      "dev": true
    },
    "redis-commands": {
      "version": "1.7.0",
      "resolved": "https://npm.yandex-team.ru/redis-commands/-/redis-commands-1.7.0.tgz?rbtorrent=ce4826f0c288d5fa092e7b55e05ce0fb26750b7d",
      "integrity": "sha512-nJWqw3bTFy21hX/CPKHth6sfhZbdiHP6bTawSgQBlKOVRG7EZkfHbbHwQJnrE4vsQf0CMNE+3gJ4Fmm16vdVlQ=="
    },
    "redis-errors": {
      "version": "1.2.0",
      "resolved": "https://npm.yandex-team.ru/redis-errors/-/redis-errors-1.2.0.tgz?rbtorrent=c6ff3248b2860d0bfef243a1007c2311cbaec871",
      "integrity": "sha1-62LSrbFeTq9GEMBK/hUpOEJQq60="
    },
    "redis-parser": {
      "version": "3.0.0",
      "resolved": "https://npm.yandex-team.ru/redis-parser/-/redis-parser-3.0.0.tgz?rbtorrent=983f7bfa36fceb94256b81b7ae289022fed42f85",
      "integrity": "sha1-tm2CjNyv5rS4pCin3vTGvKwxyLQ=",
      "requires": {
        "redis-errors": "^1.0.0"
      }
    },
    "regexpp": {
      "version": "3.2.0",
      "resolved": "https://npm.yandex-team.ru/regexpp/-/regexpp-3.2.0.tgz?rbtorrent=d36ac7f692a0f54bd66a8fd810bfa4a132c30bdf",
      "integrity": "sha512-pq2bWo9mVD43nbts2wGv17XLiNLya+GklZ8kaDLV2Z08gDCsGpnKn9BFMepvWuHCbyVvY7J5o5+BVvoQbmlJLg==",
      "dev": true
    },
    "require-from-string": {
      "version": "2.0.2",
      "resolved": "https://npm.yandex-team.ru/require-from-string/-/require-from-string-2.0.2.tgz?rbtorrent=bd3be7041da81539f74077cdbcc22bc58128b8d3",
      "integrity": "sha512-Xf0nWe6RseziFMu+Ap9biiUbmplq6S9/p+7w7YXP/JBHhrUDDUhwa+vANyubuqfZWTveU//DYVGsDG7RKL/vEw==",
      "dev": true
    },
    "resolve-from": {
      "version": "4.0.0",
      "resolved": "https://npm.yandex-team.ru/resolve-from/-/resolve-from-4.0.0.tgz?rbtorrent=508d1b2a729a931bbc9b71f267dee6be51ab76db",
      "integrity": "sha512-pb/MYmXstAkysRFx8piNI1tGFNQIFA3vkE3Gq4EuA1dF6gHp/+vgZqsCGJapvy8N3Q+4o7FwvquPJcnZ7RYy4g==",
      "dev": true
    },
    "rimraf": {
      "version": "3.0.2",
      "resolved": "https://npm.yandex-team.ru/rimraf/-/rimraf-3.0.2.tgz?rbtorrent=e56d76da53e035fd23b4819f6bdcbe4abc4e2961",
      "integrity": "sha512-JZkJMZkAGFFPP2YqXZXPbMlMBgsxzE8ILs4lMIX/2o0L9UBw9O/Y3o6wFw/i9YLapcUJWwqbi3kdxIPdC62TIA==",
      "dev": true,
      "requires": {
        "glob": "^7.1.3"
      }
    },
    "semver": {
      "version": "7.3.5",
      "resolved": "https://npm.yandex-team.ru/semver/-/semver-7.3.5.tgz?rbtorrent=9b74f0e83817dfded878e23f82bb92c3a0a8d1e8",
      "integrity": "sha512-PoeGJYh8HK4BTO/a9Tf6ZG3veo/A7ZVsYrSA6J8ny9nb3B1VrpkuN+z9OE5wfE5p6H4LchYZsegiQgbJD94ZFQ==",
      "dev": true,
      "requires": {
        "lru-cache": "^6.0.0"
      }
    },
    "shebang-command": {
      "version": "2.0.0",
      "resolved": "https://npm.yandex-team.ru/shebang-command/-/shebang-command-2.0.0.tgz?rbtorrent=7fd1c3f62049005cb9c78120f598cfb22b2fbac9",
      "integrity": "sha512-kHxr2zZpYtdmrN1qDjrrX/Z1rR1kG8Dx+gkpK1G4eXmvXswmcE1hTWBWYUzlraYw1/yZp6YuDY77YtvbN0dmDA==",
      "dev": true,
      "requires": {
        "shebang-regex": "^3.0.0"
      }
    },
    "shebang-regex": {
      "version": "3.0.0",
      "resolved": "https://npm.yandex-team.ru/shebang-regex/-/shebang-regex-3.0.0.tgz?rbtorrent=c66300c869b82aa1debe05fb862438b61e6fd671",
      "integrity": "sha512-7++dFhtcx3353uBaq8DDR4NuxBetBzC7ZQOhmTQInHEd6bSrXdiEyzCvG07Z44UYdLShWUyXt5M/yhz8ekcb1A==",
      "dev": true
    },
    "slice-ansi": {
      "version": "4.0.0",
      "resolved": "https://npm.yandex-team.ru/slice-ansi/-/slice-ansi-4.0.0.tgz?rbtorrent=ddf6f73e618ff116841f6fcfacf80645009f6e39",
      "integrity": "sha512-qMCMfhY040cVHT43K9BFygqYbUPFZKHOg7K73mtTWJRb8pyP3fzf4Ixd5SzdEJQ6MRUg/WBnOLxghZtKKurENQ==",
      "dev": true,
      "requires": {
        "ansi-styles": "^4.0.0",
        "astral-regex": "^2.0.0",
        "is-fullwidth-code-point": "^3.0.0"
      },
      "dependencies": {
        "ansi-styles": {
          "version": "4.3.0",
          "resolved": "https://npm.yandex-team.ru/ansi-styles/-/ansi-styles-4.3.0.tgz?rbtorrent=71a8bd57f3f3a63a5b0ae879a761b238bb3dd3d7",
          "integrity": "sha512-zbB9rCJAT1rbjiVDb2hqKFHNYLxgtk8NURxZ3IZwD3F6NtxbXZQCnnSi1Lkx+IDohdPlFp222wVALIheZJQSEg==",
          "dev": true,
          "requires": {
            "color-convert": "^2.0.1"
          }
        },
        "color-convert": {
          "version": "2.0.1",
          "resolved": "https://npm.yandex-team.ru/color-convert/-/color-convert-2.0.1.tgz?rbtorrent=769fb795063f259bce31a9f20fc15b0d42646b2e",
          "integrity": "sha512-RRECPsj7iu/xb5oKYcsFHSppFNnsj/52OVTRKb4zP5onXwVF3zVmmToNcOfGC+CRDpfK/U584fMg38ZHCaElKQ==",
          "dev": true,
          "requires": {
            "color-name": "~1.1.4"
          }
        },
        "color-name": {
          "version": "1.1.4",
          "resolved": "https://npm.yandex-team.ru/color-name/-/color-name-1.1.4.tgz?rbtorrent=bfe35c629295f687cdeea3875ee112eb55eb6b93",
          "integrity": "sha512-dOy+3AuW3a2wNbZHIuMZpTcgjGuLU/uBL/ubcZF9OXbDo8ff4O8yVp5Bf0efS8uEoYo5q4Fx7dY9OgQGXgAsQA==",
          "dev": true
        }
      }
    },
    "sprintf-js": {
      "version": "1.0.3",
      "resolved": "https://npm.yandex-team.ru/sprintf-js/-/sprintf-js-1.0.3.tgz?rbtorrent=527efaea75268ac7ced350806fa0f76a6c7893eb",
      "integrity": "sha1-BOaSb2YolTVPPdAVIDYzuFcpfiw=",
      "dev": true
    },
    "standard-as-callback": {
      "version": "2.1.0",
      "resolved": "https://npm.yandex-team.ru/standard-as-callback/-/standard-as-callback-2.1.0.tgz?rbtorrent=81387777c6123b0911977e4e3d3120c878d1fa34",
      "integrity": "sha512-qoRRSyROncaz1z0mvYqIE4lCd9p2R90i6GxW3uZv5ucSu8tU7B5HXUP1gG8pVZsYNVaXjk8ClXHPttLyxAL48A=="
    },
    "string-width": {
      "version": "4.2.3",
      "resolved": "https://npm.yandex-team.ru/string-width/-/string-width-4.2.3.tgz?rbtorrent=f8412787e89a7bf0fb94ec78f0b1f13d94822a61",
      "integrity": "sha512-wKyQRQpjJ0sIp62ErSZdGsjMJWsap5oRNihHhu6G7JVO/9jIB6UyevL+tXuOqrng8j/cxKTWyWUwvSTriiZz/g==",
      "dev": true,
      "requires": {
        "emoji-regex": "^8.0.0",
        "is-fullwidth-code-point": "^3.0.0",
        "strip-ansi": "^6.0.1"
      }
    },
    "strip-ansi": {
      "version": "6.0.1",
      "resolved": "https://npm.yandex-team.ru/strip-ansi/-/strip-ansi-6.0.1.tgz?rbtorrent=e155382c29545da38fa473395e43b5f24dc0c529",
      "integrity": "sha512-Y38VPSHcqkFrCpFnQ9vuSXmquuv5oXOKpGeT6aGrr3o3Gc9AlVa6JBfUSOCnbxGGZF+/0ooI7KrPuUSztUdU5A==",
      "dev": true,
      "requires": {
        "ansi-regex": "^5.0.1"
      }
    },
    "strip-json-comments": {
      "version": "3.1.1",
      "resolved": "https://npm.yandex-team.ru/strip-json-comments/-/strip-json-comments-3.1.1.tgz?rbtorrent=7a5e649515883746bc06f859b6bf0d1d278a408c",
      "integrity": "sha512-6fPc+R4ihwqP6N/aIv2f1gMH8lOVtWQHoqC4yK6oSDVVocumAsfCqjkXnqiYMhmMwS/mEHLp7Vehlt3ql6lEig==",
      "dev": true
    },
    "supports-color": {
      "version": "5.5.0",
      "resolved": "https://npm.yandex-team.ru/supports-color/-/supports-color-5.5.0.tgz?rbtorrent=c2fcb1f2f38bc39eff52ac9bdbb0db30f56ae250",
      "integrity": "sha512-QjVjwdXIt408MIiAqCX4oUKsgU2EqAGzs2Ppkm4aQYbjm+ZEWEcW4SfFNTr4uMNZma0ey4f5lgLrkB0aX0QMow==",
      "dev": true,
      "requires": {
        "has-flag": "^3.0.0"
      }
    },
    "table": {
      "version": "6.8.0",
      "resolved": "https://npm.yandex-team.ru/table/-/table-6.8.0.tgz?rbtorrent=d1f848ad9d2a0e24a9b8e55d8e784a8f13215c8d",
      "integrity": "sha512-s/fitrbVeEyHKFa7mFdkuQMWlH1Wgw/yEXMt5xACT4ZpzWFluehAxRtUUQKPuWhaLAWhFcVx6w3oC8VKaUfPGA==",
      "dev": true,
      "requires": {
        "ajv": "^8.0.1",
        "lodash.truncate": "^4.4.2",
        "slice-ansi": "^4.0.0",
        "string-width": "^4.2.3",
        "strip-ansi": "^6.0.1"
      },
      "dependencies": {
        "ajv": {
          "version": "8.8.2",
          "resolved": "https://npm.yandex-team.ru/ajv/-/ajv-8.8.2.tgz?rbtorrent=7f724d3d7743aeae150be50cc3ccaeb1d38650c5",
          "integrity": "sha512-x9VuX+R/jcFj1DHo/fCp99esgGDWiHENrKxaCENuCxpoMCmAt/COCGVDwA7kleEpEzJjDnvh3yGoOuLu0Dtllw==",
          "dev": true,
          "requires": {
            "fast-deep-equal": "^3.1.1",
            "json-schema-traverse": "^1.0.0",
            "require-from-string": "^2.0.2",
            "uri-js": "^4.2.2"
          }
        },
        "json-schema-traverse": {
          "version": "1.0.0",
          "resolved": "https://npm.yandex-team.ru/json-schema-traverse/-/json-schema-traverse-1.0.0.tgz?rbtorrent=41590751cab5298a1ed11ae25f72b3edb968db9a",
          "integrity": "sha512-NM8/P9n3XjXhIZn1lLhkFaACTOURQXjWhV4BA/RnOv8xvgqtqpAX9IO4mRQxSx1Rlo4tqzeqb0sOlruaOy3dug==",
          "dev": true
        }
      }
    },
    "text-table": {
      "version": "0.2.0",
      "resolved": "https://npm.yandex-team.ru/text-table/-/text-table-0.2.0.tgz?rbtorrent=9494ae77197443588f7082168b3dc30c27236a28",
      "integrity": "sha1-f17oI66AUgfACvLfSoTsP8+lcLQ=",
      "dev": true
    },
    "type-check": {
      "version": "0.4.0",
      "resolved": "https://npm.yandex-team.ru/type-check/-/type-check-0.4.0.tgz?rbtorrent=2c9ca61e1431737ce0cdb7ea5296ee7636773d89",
      "integrity": "sha512-XleUoc9uwGXqjWwXaUTZAmzMcFZ5858QA2vvx1Ur5xIcixXIP+8LnFDgRplU30us6teqdlskFfu+ae4K79Ooew==",
      "dev": true,
      "requires": {
        "prelude-ls": "^1.2.1"
      }
    },
    "type-fest": {
      "version": "0.20.2",
      "resolved": "https://npm.yandex-team.ru/type-fest/-/type-fest-0.20.2.tgz?rbtorrent=9123d1887b948ec86727f205d765941d03eeee8b",
      "integrity": "sha512-Ne+eE4r0/iWnpAxD852z3A+N0Bt5RN//NjJwRd2VFHEmrywxf5vsZlh4R6lixl6B+wz/8d+maTSAkN1FIkI3LQ==",
      "dev": true
    },
    "uri-js": {
      "version": "4.4.1",
      "resolved": "https://npm.yandex-team.ru/uri-js/-/uri-js-4.4.1.tgz?rbtorrent=da8316eab7bedb987c6087fad2c8e1a51ff339fb",
      "integrity": "sha512-7rKUyy33Q1yc98pQ1DAmLtwX109F7TIfWlW1Ydo8Wl1ii1SeHieeh0HHfPeL2fMXK6z0s8ecKs9frCuLJvndBg==",
      "dev": true,
      "requires": {
        "punycode": "^2.1.0"
      }
    },
    "v8-compile-cache": {
      "version": "2.3.0",
      "resolved": "https://npm.yandex-team.ru/v8-compile-cache/-/v8-compile-cache-2.3.0.tgz?rbtorrent=35552c09072ecc6a22e2d7d2ff63ad9c4c1f1d75",
      "integrity": "sha512-l8lCEmLcLYZh4nbunNZvQCJc5pv7+RCwa8q/LdUx8u7lsWvPDKmpodJAJNwkAhJC//dFY48KuIEmjtd4RViDrA==",
      "dev": true
    },
    "which": {
      "version": "2.0.2",
      "resolved": "https://npm.yandex-team.ru/which/-/which-2.0.2.tgz?rbtorrent=555fb1d5b81803e43aa893a20c974171eb647dee",
      "integrity": "sha512-BLI3Tl1TW3Pvl70l3yq3Y64i+awpwXqsGBYWkkqMtnbXgrMD+yj7rhW0kuEDxzJaYXGjEW5ogapKNMEKNMjibA==",
      "dev": true,
      "requires": {
        "isexe": "^2.0.0"
      }
    },
    "word-wrap": {
      "version": "1.2.3",
      "resolved": "https://npm.yandex-team.ru/word-wrap/-/word-wrap-1.2.3.tgz?rbtorrent=23c8262d110991afb99f56a43fc356294036fe1d",
      "integrity": "sha512-Hz/mrNwitNRh/HUAtM/VT/5VH+ygD6DV7mYKZAtHOrbs8U7lvPS6xf7EJKMF0uW1KJCl0H701g3ZGus+muE5vQ==",
      "dev": true
    },
    "wrappy": {
      "version": "1.0.2",
      "resolved": "https://npm.yandex-team.ru/wrappy/-/wrappy-1.0.2.tgz?rbtorrent=24f631e7a60519be5a0a6d43ff4add05afa3e58f",
      "integrity": "sha1-tSQ9jz7BqjXxNkYFvA0QNuMKtp8=",
      "dev": true
    },
    "yallist": {
      "version": "4.0.0",
      "resolved": "https://npm.yandex-team.ru/yallist/-/yallist-4.0.0.tgz?rbtorrent=ca0ffad79943d0b388e9009deaa7e003cbab93c7",
      "integrity": "sha512-3wdGidZyq5PB084XLES5TpOSRA3wjXAlIWMhum2kRcv/41Sn2emQ0dycQW4uZXLejwKvg6EsvbdlVL+FYEct7A==",
      "dev": true
    }
  }
}
